
Microsoft Visual Studio Solution File, Format Version 12.00
# Visual Studio Version 17
VisualStudioVersion = 17.1.32328.378
MinimumVisualStudioVersion = 10.0.40219.1
Project("{FAE04EC0-301F-11D3-BF4B-00C04F79EFBC}") = "Dev.To", "Dev.To\Dev.To.csproj", "{D88F816F-F839-4076-8B3F-5ECABF94EE3E}"
EndProject
Project("{FAE04EC0-301F-11D3-BF4B-00C04F79EFBC}") = "Dev.To.Test", "Dev.To.Test\Dev.To.Test.csproj", "{A21CF89A-B353-4726-96F0-16B5266DFE51}"
EndProject
Global
	GlobalSection(SolutionConfigurationPlatforms) = preSolution
		Debug|Any CPU = Debug|Any CPU
		Release|Any CPU = Release|Any CPU
	EndGlobalSection
	GlobalSection(ProjectConfigurationPlatforms) = postSolution
		{D88F816F-F839-4076-8B3F-5ECABF94EE3E}.Debug|Any CPU.ActiveCfg = Debug|Any CPU
		{D88F816F-F839-4076-8B3F-5ECABF94EE3E}.Debug|Any CPU.Build.0 = Debug|Any CPU
		{D88F816F-F839-4076-8B3F-5ECABF94EE3E}.Release|Any CPU.ActiveCfg = Release|Any CPU
		{D88F816F-F839-4076-8B3F-5ECABF94EE3E}.Release|Any CPU.Build.0 = Release|Any CPU
		{A21CF89A-B353-4726-96F0-16B5266DFE51}.Debug|Any CPU.ActiveCfg = Debug|Any CPU
		{A21CF89A-B353-4726-96F0-16B5266DFE51}.Debug|Any CPU.Build.0 = Debug|Any CPU
		{A21CF89A-B353-4726-96F0-16B5266DFE51}.Release|Any CPU.ActiveCfg = Release|Any CPU
		{A21CF89A-B353-4726-96F0-16B5266DFE51}.Release|Any CPU.Build.0 = Release|Any CPU
	EndGlobalSection
	GlobalSection(SolutionProperties) = preSolution
		HideSolutionNode = FALSE
	EndGlobalSection
	GlobalSection(ExtensibilityGlobals) = postSolution
		SolutionGuid = {B9EB2805-67F7-4E0E-B788-275F467DDA8D}
	EndGlobalSection
EndGlobal
